# THIS IS AN AUTOGENERATED FILE. DO NOT EDIT THIS FILE DIRECTLY.
# yarn lockfile v1


"@esbuild/win32-x64@0.18.15":
  version "0.18.15"
  resolved "https://registry.npmjs.org/@esbuild/win32-x64/-/win32-x64-0.18.15.tgz"
  integrity sha512-imUxH9a3WJARyAvrG7srLyiK73XdX83NXQkjKvQ+7vPh3ZxoLrzvPkQKKw2DwZ+RV2ZB6vBfNHP8XScAmQC3aA==

esbuild@^0.18.10:
  version "0.18.15"
  resolved "https://registry.npmjs.org/esbuild/-/esbuild-0.18.15.tgz"
  integrity sha512-3WOOLhrvuTGPRzQPU6waSDWrDTnQriia72McWcn6UCi43GhCHrXH4S59hKMeez+IITmdUuUyvbU9JIp+t3xlPQ==
  optionalDependencies:
    "@esbuild/android-arm" "0.18.15"
    "@esbuild/android-arm64" "0.18.15"
    "@esbuild/android-x64" "0.18.15"
    "@esbuild/darwin-arm64" "0.18.15"
    "@esbuild/darwin-x64" "0.18.15"
    "@esbuild/freebsd-arm64" "0.18.15"
    "@esbuild/freebsd-x64" "0.18.15"
    "@esbuild/linux-arm" "0.18.15"
    "@esbuild/linux-arm64" "0.18.15"
    "@esbuild/linux-ia32" "0.18.15"
    "@esbuild/linux-loong64" "0.18.15"
    "@esbuild/linux-mips64el" "0.18.15"
    "@esbuild/linux-ppc64" "0.18.15"
    "@esbuild/linux-riscv64" "0.18.15"
    "@esbuild/linux-s390x" "0.18.15"
    "@esbuild/linux-x64" "0.18.15"
    "@esbuild/netbsd-x64" "0.18.15"
    "@esbuild/openbsd-x64" "0.18.15"
    "@esbuild/sunos-x64" "0.18.15"
    "@esbuild/win32-arm64" "0.18.15"
    "@esbuild/win32-ia32" "0.18.15"
    "@esbuild/win32-x64" "0.18.15"

gsap@^3.12.2:
  version "3.12.2"
  resolved "https://registry.npmjs.org/gsap/-/gsap-3.12.2.tgz"
  integrity sha512-EkYnpG8qHgYBFAwsgsGEqvT1WUidX0tt/ijepx7z8EUJHElykg91RvW1XbkT59T0gZzzszOpjQv7SE41XuIXyQ==

nanoid@^3.3.6:
  version "3.3.6"
  resolved "https://registry.npmjs.org/nanoid/-/nanoid-3.3.6.tgz"
  integrity sha512-BGcqMMJuToF7i1rt+2PWSNVnWIkGCU78jBG3RxO/bZlnZPK2Cmi2QaffxGO/2RvWi9sL+FAiRiXMgsyxQ1DIDA==

picocolors@^1.0.0:
  version "1.0.0"
  resolved "https://registry.npmjs.org/picocolors/-/picocolors-1.0.0.tgz"
  integrity sha512-1fygroTLlHu66zi26VoTDv8yRgm0Fccecssto+MhsZ0D/DGW2sm8E8AjW7NU5VVTRt5GxbeZ5qBuJr+HyLYkjQ==

postcss@^8.4.26:
  version "8.4.27"
  resolved "https://registry.npmjs.org/postcss/-/postcss-8.4.27.tgz"
  integrity sha512-gY/ACJtJPSmUFPDCHtX78+01fHa64FaU4zaaWfuh1MhGJISufJAH4cun6k/8fwsHYeK4UQmENQK+tRLCFJE8JQ==
  dependencies:
    nanoid "^3.3.6"
    picocolors "^1.0.0"
    source-map-js "^1.0.2"

rollup@^3.25.2:
  version "3.26.3"
  resolved "https://registry.npmjs.org/rollup/-/rollup-3.26.3.tgz"
  integrity sha512-7Tin0C8l86TkpcMtXvQu6saWH93nhG3dGQ1/+l5V2TDMceTxO7kDiK6GzbfLWNNxqJXm591PcEZUozZm51ogwQ==
  optionalDependencies:
    fsevents "~2.3.2"

source-map-js@^1.0.2:
  version "1.0.2"
  resolved "https://registry.npmjs.org/source-map-js/-/source-map-js-1.0.2.tgz"
  integrity sha512-R0XvVJ9WusLiqTCEiGCmICCMplcCkIwwR11mOSD9CR5u+IXYdiseeEuXCVAjS54zqwkLcPNnmU4OeJ6tUrWhDw==

vite@^4.4.5:
  version "4.4.6"
  resolved "https://registry.npmjs.org/vite/-/vite-4.4.6.tgz"
  integrity sha512-EY6Mm8vJ++S3D4tNAckaZfw3JwG3wa794Vt70M6cNJ6NxT87yhq7EC8Rcap3ahyHdo8AhCmV9PTk+vG1HiYn1A==
  dependencies:
    esbuild "^0.18.10"
    postcss "^8.4.26"
    rollup "^3.25.2"
  optionalDependencies:
    fsevents "~2.3.2"
